
Microsoft Visual Studio Solution File, Format Version 12.00
# Visual Studio Version 17
VisualStudioVersion = 17.14.36414.22 d17.14
MinimumVisualStudioVersion = 10.0.40219.1
Project("{FAE04EC0-301F-11D3-BF4B-00C04F79EFBC}") = "MyConsoleApp", "MyConsoleApp\MyConsoleApp.csproj", "{C5F936E8-9242-4E6E-B746-552FC974614E}"
EndProject
Global
	GlobalSection(SolutionConfigurationPlatforms) = preSolution
		Debug|Any CPU = Debug|Any CPU
		Release|Any CPU = Release|Any CPU
	EndGlobalSection
	GlobalSection(ProjectConfigurationPlatforms) = postSolution
		{C5F936E8-9242-4E6E-B746-552FC974614E}.Debug|Any CPU.ActiveCfg = Debug|Any CPU
		{C5F936E8-9242-4E6E-B746-552FC974614E}.Debug|Any CPU.Build.0 = Debug|Any CPU
		{C5F936E8-9242-4E6E-B746-552FC974614E}.Release|Any CPU.ActiveCfg = Release|Any CPU
		{C5F936E8-9242-4E6E-B746-552FC974614E}.Release|Any CPU.Build.0 = Release|Any CPU
	EndGlobalSection
	GlobalSection(SolutionProperties) = preSolution
		HideSolutionNode = FALSE
	EndGlobalSection
	GlobalSection(ExtensibilityGlobals) = postSolution
		SolutionGuid = {1A075E93-2F72-4106-9C51-EF36089CB1D1}
	EndGlobalSection
EndGlobal
